
Microsoft Visual Studio Solution File, Format Version 12.00
# Visual Studio Version 17
VisualStudioVersion = 17.0.32112.339
MinimumVisualStudioVersion = 10.0.40219.1
Project("{FAE04EC0-301F-11D3-BF4B-00C04F79EFBC}") = "QvoidStealer", "QvoidStealer\QvoidStealer.csproj", "{8C93CC67-7856-4C99-9D48-6989BC5284FF}"
EndProject
Project("{FAE04EC0-301F-11D3-BF4B-00C04F79EFBC}") = "Builder", "Builder\Builder.csproj", "{14238630-9764-4BBF-B7DC-54035168A123}"
EndProject
Global
	GlobalSection(SolutionConfigurationPlatforms) = preSolution
		Debug|Any CPU = Debug|Any CPU
		Release|Any CPU = Release|Any CPU
	EndGlobalSection
	GlobalSection(ProjectConfigurationPlatforms) = postSolution
		{8C93CC67-7856-4C99-9D48-6989BC5284FF}.Debug|Any CPU.ActiveCfg = Debug|Any CPU
		{8C93CC67-7856-4C99-9D48-6989BC5284FF}.Debug|Any CPU.Build.0 = Debug|Any CPU
		{8C93CC67-7856-4C99-9D48-6989BC5284FF}.Release|Any CPU.ActiveCfg = Release|Any CPU
		{8C93CC67-7856-4C99-9D48-6989BC5284FF}.Release|Any CPU.Build.0 = Release|Any CPU
		{14238630-9764-4BBF-B7DC-54035168A123}.Debug|Any CPU.ActiveCfg = Debug|Any CPU
		{14238630-9764-4BBF-B7DC-54035168A123}.Debug|Any CPU.Build.0 = Debug|Any CPU
		{14238630-9764-4BBF-B7DC-54035168A123}.Release|Any CPU.ActiveCfg = Release|Any CPU
		{14238630-9764-4BBF-B7DC-54035168A123}.Release|Any CPU.Build.0 = Release|Any CPU
	EndGlobalSection
	GlobalSection(SolutionProperties) = preSolution
		HideSolutionNode = FALSE
	EndGlobalSection
	GlobalSection(ExtensibilityGlobals) = postSolution
		SolutionGuid = {31D8DA4D-EC10-4620-AB36-A3B6FF5A87B3}
	EndGlobalSection
EndGlobal
